// !$*UTF8*$!
{
	archiveVersion = 1;
	classes = {
	};
	objectVersion = 56;
	objects = {

/* Begin PBXBuildFile section */
		0A0600452C5783130036CD8F /* NewsView.swift in Sources */ = {isa = PBXBuildFile; fileRef = 0A0600442C5783130036CD8F /* NewsView.swift */; };
		0A0600472C5784790036CD8F /* BlogWebView.swift in Sources */ = {isa = PBXBuildFile; fileRef = 0A0600462C5784790036CD8F /* BlogWebView.swift */; };
		0A0600492C57894E0036CD8F /* CancelPopUpView.swift in Sources */ = {isa = PBXBuildFile; fileRef = 0A0600482C57894E0036CD8F /* CancelPopUpView.swift */; };
		0A12E2202C4EB2AB00D2D7B9 /* MyApplicationViewModel.swift in Sources */ = {isa = PBXBuildFile; fileRef = 0A12E21F2C4EB2AB00D2D7B9 /* MyApplicationViewModel.swift */; };
		0A12E2242C4EB46200D2D7B9 /* ApplicationHistoryView.swift in Sources */ = {isa = PBXBuildFile; fileRef = 0A12E2232C4EB46200D2D7B9 /* ApplicationHistoryView.swift */; };
		0A2152AD2C4EB8D3001B6875 /* ApplicationDetailView.swift in Sources */ = {isa = PBXBuildFile; fileRef = 0A2152AC2C4EB8D3001B6875 /* ApplicationDetailView.swift */; };
		0A7026ED2C5A768A0083C7A0 /* Moya in Frameworks */ = {isa = PBXBuildFile; productRef = 0A7026EC2C5A768A0083C7A0 /* Moya */; };
		0A7026F52C5A81FA0083C7A0 /* GeneralAPI.swift in Sources */ = {isa = PBXBuildFile; fileRef = 0A7026F42C5A81FA0083C7A0 /* GeneralAPI.swift */; };
		0A7026F72C5A82A00083C7A0 /* InvitationService.swift in Sources */ = {isa = PBXBuildFile; fileRef = 0A7026F62C5A82A00083C7A0 /* InvitationService.swift */; };
		0A7026F92C5A82CE0083C7A0 /* InvitationAPI.swift in Sources */ = {isa = PBXBuildFile; fileRef = 0A7026F82C5A82CE0083C7A0 /* InvitationAPI.swift */; };
		0A7026FD2C5A9C850083C7A0 /* BaseResponse.swift in Sources */ = {isa = PBXBuildFile; fileRef = 0A7026FC2C5A9C850083C7A0 /* BaseResponse.swift */; };
		0A7026FF2C5A9CD30083C7A0 /* MyInvitationResponse.swift in Sources */ = {isa = PBXBuildFile; fileRef = 0A7026FE2C5A9CD30083C7A0 /* MyInvitationResponse.swift */; };
		0A7027012C5A9E6F0083C7A0 /* InvitationResponse.swift in Sources */ = {isa = PBXBuildFile; fileRef = 0A7027002C5A9E6F0083C7A0 /* InvitationResponse.swift */; };
		0A7129D22C4E5CC800D4C08A /* PopUpView.swift in Sources */ = {isa = PBXBuildFile; fileRef = 0A7129D12C4E5CC800D4C08A /* PopUpView.swift */; };
		0A971D072C4C4153009F3B13 /* ShadowNavigationBar.swift in Sources */ = {isa = PBXBuildFile; fileRef = 0A971D062C4C4153009F3B13 /* ShadowNavigationBar.swift */; };
		58036A9C2C63C1FF0022BC8F /* DynamicTextCardView.swift in Sources */ = {isa = PBXBuildFile; fileRef = 58036A9B2C63C1FF0022BC8F /* DynamicTextCardView.swift */; };
		58036A9E2C63D52E0022BC8F /* SmallestCardView.swift in Sources */ = {isa = PBXBuildFile; fileRef = 58036A9D2C63D52E0022BC8F /* SmallestCardView.swift */; };
		5817D5EA2C44F18B0081323E /* LoginButtonStyle.swift in Sources */ = {isa = PBXBuildFile; fileRef = 5817D5E92C44F18B0081323E /* LoginButtonStyle.swift */; };
		5817D5EC2C44F1B10081323E /* LoginIntroView.swift in Sources */ = {isa = PBXBuildFile; fileRef = 5817D5EB2C44F1B10081323E /* LoginIntroView.swift */; };
		5817D5EF2C4502360081323E /* MainTabType.swift in Sources */ = {isa = PBXBuildFile; fileRef = 5817D5EE2C4502360081323E /* MainTabType.swift */; };
		5817D5F12C4503360081323E /* MainTabView.swift in Sources */ = {isa = PBXBuildFile; fileRef = 5817D5F02C4503360081323E /* MainTabView.swift */; };
		5817D5F72C4504970081323E /* HomeView.swift in Sources */ = {isa = PBXBuildFile; fileRef = 5817D5F62C4504970081323E /* HomeView.swift */; };
		5817D5F92C4504A30081323E /* SmallClassView.swift in Sources */ = {isa = PBXBuildFile; fileRef = 5817D5F82C4504A30081323E /* SmallClassView.swift */; };
		5817D5FD2C4504B50081323E /* MyPageView.swift in Sources */ = {isa = PBXBuildFile; fileRef = 5817D5FC2C4504B50081323E /* MyPageView.swift */; };
		5817D5FF2C4509CF0081323E /* HomeViewModel.swift in Sources */ = {isa = PBXBuildFile; fileRef = 5817D5FE2C4509CF0081323E /* HomeViewModel.swift */; };
		5817D6012C450FA10081323E /* CardView.swift in Sources */ = {isa = PBXBuildFile; fileRef = 5817D6002C450FA10081323E /* CardView.swift */; };
		5817D6032C450FB60081323E /* Card.swift in Sources */ = {isa = PBXBuildFile; fileRef = 5817D6022C450FB60081323E /* Card.swift */; };
		5817D6052C454C640081323E /* MyPageViewModel.swift in Sources */ = {isa = PBXBuildFile; fileRef = 5817D6042C454C640081323E /* MyPageViewModel.swift */; };
		5817D6072C454CAA0081323E /* DIContainer.swift in Sources */ = {isa = PBXBuildFile; fileRef = 5817D6062C454CAA0081323E /* DIContainer.swift */; };
		5817D60B2C4552360081323E /* User.swift in Sources */ = {isa = PBXBuildFile; fileRef = 5817D60A2C4552360081323E /* User.swift */; };
		5817D60E2C457CC50081323E /* MyActivityView.swift in Sources */ = {isa = PBXBuildFile; fileRef = 5817D60D2C457CC50081323E /* MyActivityView.swift */; };
		5817D6122C462FD20081323E /* MyInvitationsView.swift in Sources */ = {isa = PBXBuildFile; fileRef = 5817D6112C462FD20081323E /* MyInvitationsView.swift */; };
		5817D6142C462FE70081323E /* ActivityCardView.swift in Sources */ = {isa = PBXBuildFile; fileRef = 5817D6132C462FE70081323E /* ActivityCardView.swift */; };
		5817D6162C4639000081323E /* ActivityCardViewModel.swift in Sources */ = {isa = PBXBuildFile; fileRef = 5817D6152C4639000081323E /* ActivityCardViewModel.swift */; };
		5817D6182C463A020081323E /* MyInvitationsViewModel.swift in Sources */ = {isa = PBXBuildFile; fileRef = 5817D6172C463A020081323E /* MyInvitationsViewModel.swift */; };
		5817D61F2C46508E0081323E /* ActivityDetailView.swift in Sources */ = {isa = PBXBuildFile; fileRef = 5817D61E2C46508E0081323E /* ActivityDetailView.swift */; };
		5817D6252C4656B50081323E /* StartView.swift in Sources */ = {isa = PBXBuildFile; fileRef = 5817D6242C4656B50081323E /* StartView.swift */; };
		5817D6272C4657030081323E /* OnboardingStartView.swift in Sources */ = {isa = PBXBuildFile; fileRef = 5817D6262C4657030081323E /* OnboardingStartView.swift */; };
		5817D6292C4657440081323E /* ResearchView.swift in Sources */ = {isa = PBXBuildFile; fileRef = 5817D6282C4657440081323E /* ResearchView.swift */; };
		5817D62B2C465B5B0081323E /* ResearchViewModel.swift in Sources */ = {isa = PBXBuildFile; fileRef = 5817D62A2C465B5B0081323E /* ResearchViewModel.swift */; };
		5817D62D2C479C890081323E /* ProfileResearchView.swift in Sources */ = {isa = PBXBuildFile; fileRef = 5817D62C2C479C890081323E /* ProfileResearchView.swift */; };
		5817D62F2C47AAEB0081323E /* CustomProgressViewStyle.swift in Sources */ = {isa = PBXBuildFile; fileRef = 5817D62E2C47AAEB0081323E /* CustomProgressViewStyle.swift */; };
		5817D6352C4A79250081323E /* CardViewModel.swift in Sources */ = {isa = PBXBuildFile; fileRef = 5817D6342C4A79250081323E /* CardViewModel.swift */; };
		5817D6392C4BFD580081323E /* CellModel.swift in Sources */ = {isa = PBXBuildFile; fileRef = 5817D6382C4BFD580081323E /* CellModel.swift */; };
		5817D63B2C4BFD700081323E /* CellViewModel.swift in Sources */ = {isa = PBXBuildFile; fileRef = 5817D63A2C4BFD700081323E /* CellViewModel.swift */; };
		5817D63D2C4BFD980081323E /* CellView.swift in Sources */ = {isa = PBXBuildFile; fileRef = 5817D63C2C4BFD980081323E /* CellView.swift */; };
		5817D63F2C4D48930081323E /* TabContent.swift in Sources */ = {isa = PBXBuildFile; fileRef = 5817D63E2C4D48930081323E /* TabContent.swift */; };
		5847F0B92C5BCDF7001AC04E /* OnboardingService.swift in Sources */ = {isa = PBXBuildFile; fileRef = 5847F0B82C5BCDF7001AC04E /* OnboardingService.swift */; };
		5847F0BF2C5BCEC7001AC04E /* OnboardingRequest.swift in Sources */ = {isa = PBXBuildFile; fileRef = 5847F0BE2C5BCEC7001AC04E /* OnboardingRequest.swift */; };
		5847F0C22C5BDBFE001AC04E /* OnboardingAPI.swift in Sources */ = {isa = PBXBuildFile; fileRef = 5847F0C12C5BDBFE001AC04E /* OnboardingAPI.swift */; };
		5847F1362C5E589B001AC04E /* ProfileResearchViewModel.swift in Sources */ = {isa = PBXBuildFile; fileRef = 5847F1352C5E589B001AC04E /* ProfileResearchViewModel.swift */; };
		5847F15D2C60DCE6001AC04E /* Servics.swift in Sources */ = {isa = PBXBuildFile; fileRef = 5847F15C2C60DCE6001AC04E /* Servics.swift */; };
		5847F15F2C60E5BB001AC04E /* MapDetailView.swift in Sources */ = {isa = PBXBuildFile; fileRef = 5847F15E2C60E5BB001AC04E /* MapDetailView.swift */; };
		5847F1622C61E758001AC04E /* KakaoSDK in Frameworks */ = {isa = PBXBuildFile; productRef = 5847F1612C61E758001AC04E /* KakaoSDK */; };
		5847F1642C61E758001AC04E /* KakaoSDKAuth in Frameworks */ = {isa = PBXBuildFile; productRef = 5847F1632C61E758001AC04E /* KakaoSDKAuth */; };
		5847F1662C61E758001AC04E /* KakaoSDKCert in Frameworks */ = {isa = PBXBuildFile; productRef = 5847F1652C61E758001AC04E /* KakaoSDKCert */; };
		5847F1682C61E758001AC04E /* KakaoSDKCertCore in Frameworks */ = {isa = PBXBuildFile; productRef = 5847F1672C61E758001AC04E /* KakaoSDKCertCore */; };
		5847F16A2C61E758001AC04E /* KakaoSDKCommon in Frameworks */ = {isa = PBXBuildFile; productRef = 5847F1692C61E758001AC04E /* KakaoSDKCommon */; };
		5847F16C2C6245C8001AC04E /* LoginRequest.swift in Sources */ = {isa = PBXBuildFile; fileRef = 5847F16B2C6245C8001AC04E /* LoginRequest.swift */; };
		5847F16F2C624869001AC04E /* SwiftKeychainWrapper in Frameworks */ = {isa = PBXBuildFile; productRef = 5847F16E2C624869001AC04E /* SwiftKeychainWrapper */; };
		5847F1722C624922001AC04E /* KeychainHandler.swift in Sources */ = {isa = PBXBuildFile; fileRef = 5847F1712C624922001AC04E /* KeychainHandler.swift */; };
		58BEC2C02C4EB1B500C6E524 /* ShowInviteView.swift in Sources */ = {isa = PBXBuildFile; fileRef = 58BEC2BF2C4EB1B500C6E524 /* ShowInviteView.swift */; };
		58BEC2C62C4EBB7F00C6E524 /* CreateInviteView.swift in Sources */ = {isa = PBXBuildFile; fileRef = 58BEC2C52C4EBB7F00C6E524 /* CreateInviteView.swift */; };
		58BEC2C82C50E40600C6E524 /* InviteFinalView.swift in Sources */ = {isa = PBXBuildFile; fileRef = 58BEC2C72C50E40600C6E524 /* InviteFinalView.swift */; };
		58C3162C2C650462001374EC /* SplashView.swift in Sources */ = {isa = PBXBuildFile; fileRef = 58C3162B2C650462001374EC /* SplashView.swift */; };
		58C3162F2C651310001374EC /* LogOutPopUpView.swift in Sources */ = {isa = PBXBuildFile; fileRef = 58C3162E2C651310001374EC /* LogOutPopUpView.swift */; };
		58C316312C67737B001374EC /* PublicMeetingResponse.swift in Sources */ = {isa = PBXBuildFile; fileRef = 58C316302C67737B001374EC /* PublicMeetingResponse.swift */; };
		58EA96EC2C5281E700166554 /* LocationManager.swift in Sources */ = {isa = PBXBuildFile; fileRef = 58EA96EB2C5281E700166554 /* LocationManager.swift */; };
		58EA96EE2C5283D400166554 /* ProfilePictureSelector.swift in Sources */ = {isa = PBXBuildFile; fileRef = 58EA96ED2C5283D400166554 /* ProfilePictureSelector.swift */; };
		58EA96F12C5380E600166554 /* CreateInviteViewModel.swift in Sources */ = {isa = PBXBuildFile; fileRef = 58EA96F02C5380E600166554 /* CreateInviteViewModel.swift */; };
		58EA96F32C57742400166554 /* StepTwoView.swift in Sources */ = {isa = PBXBuildFile; fileRef = 58EA96F22C57742400166554 /* StepTwoView.swift */; };
		58EA96F52C57745A00166554 /* ImageGridView.swift in Sources */ = {isa = PBXBuildFile; fileRef = 58EA96F42C57745A00166554 /* ImageGridView.swift */; };
		58EA96F72C57798A00166554 /* EmojiSelectionView.swift in Sources */ = {isa = PBXBuildFile; fileRef = 58EA96F62C57798A00166554 /* EmojiSelectionView.swift */; };
		58EEF6EE2C43D22500C12C1E /* YouthFridgeApp.swift in Sources */ = {isa = PBXBuildFile; fileRef = 58EEF6ED2C43D22500C12C1E /* YouthFridgeApp.swift */; };
		58EEF6F22C43D22800C12C1E /* Assets.xcassets in Resources */ = {isa = PBXBuildFile; fileRef = 58EEF6F12C43D22800C12C1E /* Assets.xcassets */; };
		58EEF6F52C43D22800C12C1E /* Preview Assets.xcassets in Resources */ = {isa = PBXBuildFile; fileRef = 58EEF6F42C43D22800C12C1E /* Preview Assets.xcassets */; };
		58EEF6FF2C43D22800C12C1E /* YouthFridgeTests.swift in Sources */ = {isa = PBXBuildFile; fileRef = 58EEF6FE2C43D22800C12C1E /* YouthFridgeTests.swift */; };
		58EEF7092C43D22800C12C1E /* YouthFridgeUITests.swift in Sources */ = {isa = PBXBuildFile; fileRef = 58EEF7082C43D22800C12C1E /* YouthFridgeUITests.swift */; };
		58EEF70B2C43D22800C12C1E /* YouthFridgeUITestsLaunchTests.swift in Sources */ = {isa = PBXBuildFile; fileRef = 58EEF70A2C43D22800C12C1E /* YouthFridgeUITestsLaunchTests.swift */; };
		58EEF71E2C43EAC000C12C1E /* Colors.xcassets in Resources */ = {isa = PBXBuildFile; fileRef = 58EEF71D2C43EAC000C12C1E /* Colors.xcassets */; };
		58EEF7202C43ECF600C12C1E /* Color+Extension.swift in Sources */ = {isa = PBXBuildFile; fileRef = 58EEF71F2C43ECF600C12C1E /* Color+Extension.swift */; };
		58F6454E2C6266DC00DB1C37 /* InvitationTopFiveResponse.swift in Sources */ = {isa = PBXBuildFile; fileRef = 58F6454D2C6266DC00DB1C37 /* InvitationTopFiveResponse.swift */; };
		58F645502C62682300DB1C37 /* HomeAPI.swift in Sources */ = {isa = PBXBuildFile; fileRef = 58F6454F2C62682300DB1C37 /* HomeAPI.swift */; };
/* End PBXBuildFile section */

/* Begin PBXContainerItemProxy section */
		58EEF6FB2C43D22800C12C1E /* PBXContainerItemProxy */ = {
			isa = PBXContainerItemProxy;
			containerPortal = 58EEF6E22C43D22500C12C1E /* Project object */;
			proxyType = 1;
			remoteGlobalIDString = 58EEF6E92C43D22500C12C1E;
			remoteInfo = YouthFridge;
		};
		58EEF7052C43D22800C12C1E /* PBXContainerItemProxy */ = {
			isa = PBXContainerItemProxy;
			containerPortal = 58EEF6E22C43D22500C12C1E /* Project object */;
			proxyType = 1;
			remoteGlobalIDString = 58EEF6E92C43D22500C12C1E;
			remoteInfo = YouthFridge;
		};
/* End PBXContainerItemProxy section */

/* Begin PBXFileReference section */
		0A0600412C57813E0036CD8F /* Info.plist */ = {isa = PBXFileReference; lastKnownFileType = text.plist; path = Info.plist; sourceTree = "<group>"; };
		0A0600442C5783130036CD8F /* NewsView.swift */ = {isa = PBXFileReference; lastKnownFileType = sourcecode.swift; path = NewsView.swift; sourceTree = "<group>"; };
		0A0600462C5784790036CD8F /* BlogWebView.swift */ = {isa = PBXFileReference; lastKnownFileType = sourcecode.swift; path = BlogWebView.swift; sourceTree = "<group>"; };
		0A0600482C57894E0036CD8F /* CancelPopUpView.swift */ = {isa = PBXFileReference; lastKnownFileType = sourcecode.swift; path = CancelPopUpView.swift; sourceTree = "<group>"; };
		0A12E21F2C4EB2AB00D2D7B9 /* MyApplicationViewModel.swift */ = {isa = PBXFileReference; lastKnownFileType = sourcecode.swift; path = MyApplicationViewModel.swift; sourceTree = "<group>"; };
		0A12E2232C4EB46200D2D7B9 /* ApplicationHistoryView.swift */ = {isa = PBXFileReference; lastKnownFileType = sourcecode.swift; path = ApplicationHistoryView.swift; sourceTree = "<group>"; };
		0A2152AC2C4EB8D3001B6875 /* ApplicationDetailView.swift */ = {isa = PBXFileReference; lastKnownFileType = sourcecode.swift; path = ApplicationDetailView.swift; sourceTree = "<group>"; };
		0A7026F42C5A81FA0083C7A0 /* GeneralAPI.swift */ = {isa = PBXFileReference; lastKnownFileType = sourcecode.swift; path = GeneralAPI.swift; sourceTree = "<group>"; };
		0A7026F62C5A82A00083C7A0 /* InvitationService.swift */ = {isa = PBXFileReference; lastKnownFileType = sourcecode.swift; path = InvitationService.swift; sourceTree = "<group>"; };
		0A7026F82C5A82CE0083C7A0 /* InvitationAPI.swift */ = {isa = PBXFileReference; lastKnownFileType = sourcecode.swift; path = InvitationAPI.swift; sourceTree = "<group>"; };
		0A7026FC2C5A9C850083C7A0 /* BaseResponse.swift */ = {isa = PBXFileReference; lastKnownFileType = sourcecode.swift; path = BaseResponse.swift; sourceTree = "<group>"; };
		0A7026FE2C5A9CD30083C7A0 /* MyInvitationResponse.swift */ = {isa = PBXFileReference; lastKnownFileType = sourcecode.swift; path = MyInvitationResponse.swift; sourceTree = "<group>"; };
		0A7027002C5A9E6F0083C7A0 /* InvitationResponse.swift */ = {isa = PBXFileReference; lastKnownFileType = sourcecode.swift; path = InvitationResponse.swift; sourceTree = "<group>"; };
		0A7129D12C4E5CC800D4C08A /* PopUpView.swift */ = {isa = PBXFileReference; lastKnownFileType = sourcecode.swift; path = PopUpView.swift; sourceTree = "<group>"; };
		0A971D062C4C4153009F3B13 /* ShadowNavigationBar.swift */ = {isa = PBXFileReference; lastKnownFileType = sourcecode.swift; path = ShadowNavigationBar.swift; sourceTree = "<group>"; };
		58036A9B2C63C1FF0022BC8F /* DynamicTextCardView.swift */ = {isa = PBXFileReference; lastKnownFileType = sourcecode.swift; path = DynamicTextCardView.swift; sourceTree = "<group>"; };
		58036A9D2C63D52E0022BC8F /* SmallestCardView.swift */ = {isa = PBXFileReference; lastKnownFileType = sourcecode.swift; path = SmallestCardView.swift; sourceTree = "<group>"; };
		5817D5E92C44F18B0081323E /* LoginButtonStyle.swift */ = {isa = PBXFileReference; lastKnownFileType = sourcecode.swift; path = LoginButtonStyle.swift; sourceTree = "<group>"; };
		5817D5EB2C44F1B10081323E /* LoginIntroView.swift */ = {isa = PBXFileReference; lastKnownFileType = sourcecode.swift; path = LoginIntroView.swift; sourceTree = "<group>"; };
		5817D5EE2C4502360081323E /* MainTabType.swift */ = {isa = PBXFileReference; lastKnownFileType = sourcecode.swift; path = MainTabType.swift; sourceTree = "<group>"; };
		5817D5F02C4503360081323E /* MainTabView.swift */ = {isa = PBXFileReference; lastKnownFileType = sourcecode.swift; path = MainTabView.swift; sourceTree = "<group>"; };
		5817D5F62C4504970081323E /* HomeView.swift */ = {isa = PBXFileReference; lastKnownFileType = sourcecode.swift; path = HomeView.swift; sourceTree = "<group>"; };
		5817D5F82C4504A30081323E /* SmallClassView.swift */ = {isa = PBXFileReference; lastKnownFileType = sourcecode.swift; path = SmallClassView.swift; sourceTree = "<group>"; };
		5817D5FC2C4504B50081323E /* MyPageView.swift */ = {isa = PBXFileReference; lastKnownFileType = sourcecode.swift; path = MyPageView.swift; sourceTree = "<group>"; };
		5817D5FE2C4509CF0081323E /* HomeViewModel.swift */ = {isa = PBXFileReference; lastKnownFileType = sourcecode.swift; path = HomeViewModel.swift; sourceTree = "<group>"; };
		5817D6002C450FA10081323E /* CardView.swift */ = {isa = PBXFileReference; lastKnownFileType = sourcecode.swift; path = CardView.swift; sourceTree = "<group>"; };
		5817D6022C450FB60081323E /* Card.swift */ = {isa = PBXFileReference; lastKnownFileType = sourcecode.swift; path = Card.swift; sourceTree = "<group>"; };
		5817D6042C454C640081323E /* MyPageViewModel.swift */ = {isa = PBXFileReference; lastKnownFileType = sourcecode.swift; path = MyPageViewModel.swift; sourceTree = "<group>"; };
		5817D6062C454CAA0081323E /* DIContainer.swift */ = {isa = PBXFileReference; lastKnownFileType = sourcecode.swift; path = DIContainer.swift; sourceTree = "<group>"; };
		5817D60A2C4552360081323E /* User.swift */ = {isa = PBXFileReference; lastKnownFileType = sourcecode.swift; path = User.swift; sourceTree = "<group>"; };
		5817D60D2C457CC50081323E /* MyActivityView.swift */ = {isa = PBXFileReference; lastKnownFileType = sourcecode.swift; path = MyActivityView.swift; sourceTree = "<group>"; };
		5817D6112C462FD20081323E /* MyInvitationsView.swift */ = {isa = PBXFileReference; lastKnownFileType = sourcecode.swift; path = MyInvitationsView.swift; sourceTree = "<group>"; };
		5817D6132C462FE70081323E /* ActivityCardView.swift */ = {isa = PBXFileReference; lastKnownFileType = sourcecode.swift; path = ActivityCardView.swift; sourceTree = "<group>"; };
		5817D6152C4639000081323E /* ActivityCardViewModel.swift */ = {isa = PBXFileReference; lastKnownFileType = sourcecode.swift; path = ActivityCardViewModel.swift; sourceTree = "<group>"; };
		5817D6172C463A020081323E /* MyInvitationsViewModel.swift */ = {isa = PBXFileReference; lastKnownFileType = sourcecode.swift; path = MyInvitationsViewModel.swift; sourceTree = "<group>"; };
		5817D61E2C46508E0081323E /* ActivityDetailView.swift */ = {isa = PBXFileReference; lastKnownFileType = sourcecode.swift; path = ActivityDetailView.swift; sourceTree = "<group>"; };
		5817D6242C4656B50081323E /* StartView.swift */ = {isa = PBXFileReference; lastKnownFileType = sourcecode.swift; path = StartView.swift; sourceTree = "<group>"; };
		5817D6262C4657030081323E /* OnboardingStartView.swift */ = {isa = PBXFileReference; lastKnownFileType = sourcecode.swift; path = OnboardingStartView.swift; sourceTree = "<group>"; };
		5817D6282C4657440081323E /* ResearchView.swift */ = {isa = PBXFileReference; lastKnownFileType = sourcecode.swift; path = ResearchView.swift; sourceTree = "<group>"; };
		5817D62A2C465B5B0081323E /* ResearchViewModel.swift */ = {isa = PBXFileReference; lastKnownFileType = sourcecode.swift; path = ResearchViewModel.swift; sourceTree = "<group>"; };
		5817D62C2C479C890081323E /* ProfileResearchView.swift */ = {isa = PBXFileReference; lastKnownFileType = sourcecode.swift; path = ProfileResearchView.swift; sourceTree = "<group>"; };
		5817D62E2C47AAEB0081323E /* CustomProgressViewStyle.swift */ = {isa = PBXFileReference; lastKnownFileType = sourcecode.swift; path = CustomProgressViewStyle.swift; sourceTree = "<group>"; };
		5817D6342C4A79250081323E /* CardViewModel.swift */ = {isa = PBXFileReference; lastKnownFileType = sourcecode.swift; path = CardViewModel.swift; sourceTree = "<group>"; };
		5817D6382C4BFD580081323E /* CellModel.swift */ = {isa = PBXFileReference; lastKnownFileType = sourcecode.swift; path = CellModel.swift; sourceTree = "<group>"; };
		5817D63A2C4BFD700081323E /* CellViewModel.swift */ = {isa = PBXFileReference; lastKnownFileType = sourcecode.swift; path = CellViewModel.swift; sourceTree = "<group>"; };
		5817D63C2C4BFD980081323E /* CellView.swift */ = {isa = PBXFileReference; lastKnownFileType = sourcecode.swift; path = CellView.swift; sourceTree = "<group>"; };
		5817D63E2C4D48930081323E /* TabContent.swift */ = {isa = PBXFileReference; lastKnownFileType = sourcecode.swift; path = TabContent.swift; sourceTree = "<group>"; };
		5847F0B82C5BCDF7001AC04E /* OnboardingService.swift */ = {isa = PBXFileReference; lastKnownFileType = sourcecode.swift; path = OnboardingService.swift; sourceTree = "<group>"; };
		5847F0BE2C5BCEC7001AC04E /* OnboardingRequest.swift */ = {isa = PBXFileReference; lastKnownFileType = sourcecode.swift; path = OnboardingRequest.swift; sourceTree = "<group>"; };
		5847F0C12C5BDBFE001AC04E /* OnboardingAPI.swift */ = {isa = PBXFileReference; lastKnownFileType = sourcecode.swift; path = OnboardingAPI.swift; sourceTree = "<group>"; };
		5847F1342C5D1B39001AC04E /* YouthFridge.entitlements */ = {isa = PBXFileReference; lastKnownFileType = text.plist.entitlements; path = YouthFridge.entitlements; sourceTree = "<group>"; };
		5847F1352C5E589B001AC04E /* ProfileResearchViewModel.swift */ = {isa = PBXFileReference; lastKnownFileType = sourcecode.swift; path = ProfileResearchViewModel.swift; sourceTree = "<group>"; };
		5847F15C2C60DCE6001AC04E /* Servics.swift */ = {isa = PBXFileReference; lastKnownFileType = sourcecode.swift; path = Servics.swift; sourceTree = "<group>"; };
		5847F15E2C60E5BB001AC04E /* MapDetailView.swift */ = {isa = PBXFileReference; lastKnownFileType = sourcecode.swift; path = MapDetailView.swift; sourceTree = "<group>"; };
		5847F16B2C6245C8001AC04E /* LoginRequest.swift */ = {isa = PBXFileReference; lastKnownFileType = sourcecode.swift; path = LoginRequest.swift; sourceTree = "<group>"; };
		5847F1712C624922001AC04E /* KeychainHandler.swift */ = {isa = PBXFileReference; lastKnownFileType = sourcecode.swift; path = KeychainHandler.swift; sourceTree = "<group>"; };
		58BEC2BF2C4EB1B500C6E524 /* ShowInviteView.swift */ = {isa = PBXFileReference; lastKnownFileType = sourcecode.swift; path = ShowInviteView.swift; sourceTree = "<group>"; };
		58BEC2C52C4EBB7F00C6E524 /* CreateInviteView.swift */ = {isa = PBXFileReference; lastKnownFileType = sourcecode.swift; path = CreateInviteView.swift; sourceTree = "<group>"; };
		58BEC2C72C50E40600C6E524 /* InviteFinalView.swift */ = {isa = PBXFileReference; lastKnownFileType = sourcecode.swift; path = InviteFinalView.swift; sourceTree = "<group>"; };
		58C3162B2C650462001374EC /* SplashView.swift */ = {isa = PBXFileReference; lastKnownFileType = sourcecode.swift; path = SplashView.swift; sourceTree = "<group>"; };
		58C3162E2C651310001374EC /* LogOutPopUpView.swift */ = {isa = PBXFileReference; lastKnownFileType = sourcecode.swift; path = LogOutPopUpView.swift; sourceTree = "<group>"; };
		58C316302C67737B001374EC /* PublicMeetingResponse.swift */ = {isa = PBXFileReference; lastKnownFileType = sourcecode.swift; path = PublicMeetingResponse.swift; sourceTree = "<group>"; };
		58EA96EB2C5281E700166554 /* LocationManager.swift */ = {isa = PBXFileReference; lastKnownFileType = sourcecode.swift; path = LocationManager.swift; sourceTree = "<group>"; };
		58EA96ED2C5283D400166554 /* ProfilePictureSelector.swift */ = {isa = PBXFileReference; lastKnownFileType = sourcecode.swift; path = ProfilePictureSelector.swift; sourceTree = "<group>"; };
		58EA96F02C5380E600166554 /* CreateInviteViewModel.swift */ = {isa = PBXFileReference; lastKnownFileType = sourcecode.swift; path = CreateInviteViewModel.swift; sourceTree = "<group>"; };
		58EA96F22C57742400166554 /* StepTwoView.swift */ = {isa = PBXFileReference; lastKnownFileType = sourcecode.swift; path = StepTwoView.swift; sourceTree = "<group>"; };
		58EA96F42C57745A00166554 /* ImageGridView.swift */ = {isa = PBXFileReference; lastKnownFileType = sourcecode.swift; path = ImageGridView.swift; sourceTree = "<group>"; };
		58EA96F62C57798A00166554 /* EmojiSelectionView.swift */ = {isa = PBXFileReference; lastKnownFileType = sourcecode.swift; path = EmojiSelectionView.swift; sourceTree = "<group>"; };
		58EEF6EA2C43D22500C12C1E /* YouthFridge.app */ = {isa = PBXFileReference; explicitFileType = wrapper.application; includeInIndex = 0; path = YouthFridge.app; sourceTree = BUILT_PRODUCTS_DIR; };
		58EEF6ED2C43D22500C12C1E /* YouthFridgeApp.swift */ = {isa = PBXFileReference; lastKnownFileType = sourcecode.swift; path = YouthFridgeApp.swift; sourceTree = "<group>"; };
		58EEF6F12C43D22800C12C1E /* Assets.xcassets */ = {isa = PBXFileReference; lastKnownFileType = folder.assetcatalog; path = Assets.xcassets; sourceTree = "<group>"; };
		58EEF6F42C43D22800C12C1E /* Preview Assets.xcassets */ = {isa = PBXFileReference; lastKnownFileType = folder.assetcatalog; path = "Preview Assets.xcassets"; sourceTree = "<group>"; };
		58EEF6FA2C43D22800C12C1E /* YouthFridgeTests.xctest */ = {isa = PBXFileReference; explicitFileType = wrapper.cfbundle; includeInIndex = 0; path = YouthFridgeTests.xctest; sourceTree = BUILT_PRODUCTS_DIR; };
		58EEF6FE2C43D22800C12C1E /* YouthFridgeTests.swift */ = {isa = PBXFileReference; lastKnownFileType = sourcecode.swift; path = YouthFridgeTests.swift; sourceTree = "<group>"; };
		58EEF7042C43D22800C12C1E /* YouthFridgeUITests.xctest */ = {isa = PBXFileReference; explicitFileType = wrapper.cfbundle; includeInIndex = 0; path = YouthFridgeUITests.xctest; sourceTree = BUILT_PRODUCTS_DIR; };
		58EEF7082C43D22800C12C1E /* YouthFridgeUITests.swift */ = {isa = PBXFileReference; lastKnownFileType = sourcecode.swift; path = YouthFridgeUITests.swift; sourceTree = "<group>"; };
		58EEF70A2C43D22800C12C1E /* YouthFridgeUITestsLaunchTests.swift */ = {isa = PBXFileReference; lastKnownFileType = sourcecode.swift; path = YouthFridgeUITestsLaunchTests.swift; sourceTree = "<group>"; };
		58EEF71D2C43EAC000C12C1E /* Colors.xcassets */ = {isa = PBXFileReference; lastKnownFileType = folder.assetcatalog; path = Colors.xcassets; sourceTree = "<group>"; };
		58EEF71F2C43ECF600C12C1E /* Color+Extension.swift */ = {isa = PBXFileReference; lastKnownFileType = sourcecode.swift; path = "Color+Extension.swift"; sourceTree = "<group>"; };
		58F6454D2C6266DC00DB1C37 /* InvitationTopFiveResponse.swift */ = {isa = PBXFileReference; lastKnownFileType = sourcecode.swift; path = InvitationTopFiveResponse.swift; sourceTree = "<group>"; };
		58F6454F2C62682300DB1C37 /* HomeAPI.swift */ = {isa = PBXFileReference; lastKnownFileType = sourcecode.swift; path = HomeAPI.swift; sourceTree = "<group>"; };
/* End PBXFileReference section */

/* Begin PBXFrameworksBuildPhase section */
		58EEF6E72C43D22500C12C1E /* Frameworks */ = {
			isa = PBXFrameworksBuildPhase;
			buildActionMask = 2147483647;
			files = (
				0A7026ED2C5A768A0083C7A0 /* Moya in Frameworks */,
				5847F1622C61E758001AC04E /* KakaoSDK in Frameworks */,
				5847F1682C61E758001AC04E /* KakaoSDKCertCore in Frameworks */,
				5847F1642C61E758001AC04E /* KakaoSDKAuth in Frameworks */,
				5847F16A2C61E758001AC04E /* KakaoSDKCommon in Frameworks */,
				5847F1662C61E758001AC04E /* KakaoSDKCert in Frameworks */,
				5847F16F2C624869001AC04E /* SwiftKeychainWrapper in Frameworks */,
			);
			runOnlyForDeploymentPostprocessing = 0;
		};
		58EEF6F72C43D22800C12C1E /* Frameworks */ = {
			isa = PBXFrameworksBuildPhase;
			buildActionMask = 2147483647;
			files = (
			);
			runOnlyForDeploymentPostprocessing = 0;
		};
		58EEF7012C43D22800C12C1E /* Frameworks */ = {
			isa = PBXFrameworksBuildPhase;
			buildActionMask = 2147483647;
			files = (
			);
			runOnlyForDeploymentPostprocessing = 0;
		};
/* End PBXFrameworksBuildPhase section */

/* Begin PBXGroup section */
		0A7026FA2C5A9C700083C7A0 /* Model */ = {
			isa = PBXGroup;
			children = (
				0A7026FB2C5A9C770083C7A0 /* DTO */,
			);
			path = Model;
			sourceTree = "<group>";
		};
		0A7026FB2C5A9C770083C7A0 /* DTO */ = {
			isa = PBXGroup;
			children = (
				0A7026FC2C5A9C850083C7A0 /* BaseResponse.swift */,
				5847F0BE2C5BCEC7001AC04E /* OnboardingRequest.swift */,
				0A7026FE2C5A9CD30083C7A0 /* MyInvitationResponse.swift */,
				0A7027002C5A9E6F0083C7A0 /* InvitationResponse.swift */,
				5847F16B2C6245C8001AC04E /* LoginRequest.swift */,
				58F6454D2C6266DC00DB1C37 /* InvitationTopFiveResponse.swift */,
				58C316302C67737B001374EC /* PublicMeetingResponse.swift */,
			);
			path = DTO;
			sourceTree = "<group>";
		};
		0A971D052C4C413D009F3B13 /* Components */ = {
			isa = PBXGroup;
			children = (
				0A971D062C4C4153009F3B13 /* ShadowNavigationBar.swift */,
				0A7129D12C4E5CC800D4C08A /* PopUpView.swift */,
				58C3162E2C651310001374EC /* LogOutPopUpView.swift */,
			);
			path = Components;
			sourceTree = "<group>";
		};
		5817D5ED2C4502270081323E /* MainTab */ = {
			isa = PBXGroup;
			children = (
				5817D5EE2C4502360081323E /* MainTabType.swift */,
				5817D5F02C4503360081323E /* MainTabView.swift */,
			);
			path = MainTab;
			sourceTree = "<group>";
		};
		5817D5F22C45046A0081323E /* Home */ = {
			isa = PBXGroup;
			children = (
				5817D5F62C4504970081323E /* HomeView.swift */,
				5817D5FE2C4509CF0081323E /* HomeViewModel.swift */,
				5817D6002C450FA10081323E /* CardView.swift */,
				5817D6022C450FB60081323E /* Card.swift */,
				5817D6342C4A79250081323E /* CardViewModel.swift */,
				5817D63E2C4D48930081323E /* TabContent.swift */,
				58036A9B2C63C1FF0022BC8F /* DynamicTextCardView.swift */,
				58036A9D2C63D52E0022BC8F /* SmallestCardView.swift */,
			);
			path = Home;
			sourceTree = "<group>";
		};
		5817D5F32C4504760081323E /* SmallClass */ = {
			isa = PBXGroup;
			children = (
				5817D6372C4BFD420081323E /* ViewModel */,
				5817D6362C4BFD370081323E /* View */,
				5817D5F82C4504A30081323E /* SmallClassView.swift */,
				5817D6382C4BFD580081323E /* CellModel.swift */,
			);
			path = SmallClass;
			sourceTree = "<group>";
		};
		5817D5F42C4504800081323E /* News */ = {
			isa = PBXGroup;
			children = (
				0A0600442C5783130036CD8F /* NewsView.swift */,
				0A0600462C5784790036CD8F /* BlogWebView.swift */,
			);
			path = News;
			sourceTree = "<group>";
		};
		5817D5F52C4504850081323E /* MyPage */ = {
			isa = PBXGroup;
			children = (
				0A971D052C4C413D009F3B13 /* Components */,
				5817D61B2C4650480081323E /* MyActivityDetail */,
				5817D60C2C457CA60081323E /* MyActivity */,
				5817D5FC2C4504B50081323E /* MyPageView.swift */,
				5817D6042C454C640081323E /* MyPageViewModel.swift */,
				5817D60A2C4552360081323E /* User.swift */,
			);
			path = MyPage;
			sourceTree = "<group>";
		};
		5817D60C2C457CA60081323E /* MyActivity */ = {
			isa = PBXGroup;
			children = (
				5817D61A2C464A820081323E /* View */,
				5817D6192C4643480081323E /* ViewModel */,
			);
			path = MyActivity;
			sourceTree = "<group>";
		};
		5817D6192C4643480081323E /* ViewModel */ = {
			isa = PBXGroup;
			children = (
				5817D6152C4639000081323E /* ActivityCardViewModel.swift */,
				5817D6172C463A020081323E /* MyInvitationsViewModel.swift */,
				0A12E21F2C4EB2AB00D2D7B9 /* MyApplicationViewModel.swift */,
			);
			path = ViewModel;
			sourceTree = "<group>";
		};
		5817D61A2C464A820081323E /* View */ = {
			isa = PBXGroup;
			children = (
				5817D6112C462FD20081323E /* MyInvitationsView.swift */,
				0A12E2232C4EB46200D2D7B9 /* ApplicationHistoryView.swift */,
				5817D60D2C457CC50081323E /* MyActivityView.swift */,
				5817D6132C462FE70081323E /* ActivityCardView.swift */,
			);
			path = View;
			sourceTree = "<group>";
		};
		5817D61B2C4650480081323E /* MyActivityDetail */ = {
			isa = PBXGroup;
			children = (
				5817D61C2C4650560081323E /* View */,
			);
			path = MyActivityDetail;
			sourceTree = "<group>";
		};
		5817D61C2C4650560081323E /* View */ = {
			isa = PBXGroup;
			children = (
				5817D61E2C46508E0081323E /* ActivityDetailView.swift */,
				0A2152AC2C4EB8D3001B6875 /* ApplicationDetailView.swift */,
				0A0600482C57894E0036CD8F /* CancelPopUpView.swift */,
			);
			path = View;
			sourceTree = "<group>";
		};
		5817D6202C46547C0081323E /* Onboarding */ = {
			isa = PBXGroup;
			children = (
				5817D6222C46548D0081323E /* ViewModel */,
				5817D6212C4654870081323E /* View */,
				58EA96EB2C5281E700166554 /* LocationManager.swift */,
			);
			path = Onboarding;
			sourceTree = "<group>";
		};
		5817D6212C4654870081323E /* View */ = {
			isa = PBXGroup;
			children = (
				5817D6242C4656B50081323E /* StartView.swift */,
				5817D6262C4657030081323E /* OnboardingStartView.swift */,
				5817D6282C4657440081323E /* ResearchView.swift */,
				5817D62C2C479C890081323E /* ProfileResearchView.swift */,
				5817D62E2C47AAEB0081323E /* CustomProgressViewStyle.swift */,
				58EA96ED2C5283D400166554 /* ProfilePictureSelector.swift */,
				5847F15E2C60E5BB001AC04E /* MapDetailView.swift */,
			);
			path = View;
			sourceTree = "<group>";
		};
		5817D6222C46548D0081323E /* ViewModel */ = {
			isa = PBXGroup;
			children = (
				5817D62A2C465B5B0081323E /* ResearchViewModel.swift */,
				5847F1352C5E589B001AC04E /* ProfileResearchViewModel.swift */,
			);
			path = ViewModel;
			sourceTree = "<group>";
		};
		5817D6232C4655B60081323E /* App */ = {
			isa = PBXGroup;
			children = (
				58EEF6ED2C43D22500C12C1E /* YouthFridgeApp.swift */,
			);
			path = App;
			sourceTree = "<group>";
		};
		5817D6362C4BFD370081323E /* View */ = {
			isa = PBXGroup;
			children = (
				5817D63C2C4BFD980081323E /* CellView.swift */,
			);
			path = View;
			sourceTree = "<group>";
		};
		5817D6372C4BFD420081323E /* ViewModel */ = {
			isa = PBXGroup;
			children = (
				5817D63A2C4BFD700081323E /* CellViewModel.swift */,
			);
			path = ViewModel;
			sourceTree = "<group>";
		};
		5847F15A2C60BA78001AC04E /* Networks */ = {
			isa = PBXGroup;
			children = (
				5847F1702C624905001AC04E /* GlobalAPI */,
				5847F0B82C5BCDF7001AC04E /* OnboardingService.swift */,
				0A7026F62C5A82A00083C7A0 /* InvitationService.swift */,
				5847F0C12C5BDBFE001AC04E /* OnboardingAPI.swift */,
				0A7026F82C5A82CE0083C7A0 /* InvitationAPI.swift */,
				0A7026F42C5A81FA0083C7A0 /* GeneralAPI.swift */,
				58F6454F2C62682300DB1C37 /* HomeAPI.swift */,
			);
			path = Networks;
			sourceTree = "<group>";
		};
		5847F15B2C60DCD5001AC04E /* Services */ = {
			isa = PBXGroup;
			children = (
				5847F15C2C60DCE6001AC04E /* Servics.swift */,
			);
			path = Services;
			sourceTree = "<group>";
		};
		5847F1702C624905001AC04E /* GlobalAPI */ = {
			isa = PBXGroup;
			children = (
				5847F1712C624922001AC04E /* KeychainHandler.swift */,
			);
			path = GlobalAPI;
			sourceTree = "<group>";
		};
		58BEC2BD2C4EB18E00C6E524 /* Invitation */ = {
			isa = PBXGroup;
			children = (
				58BEC2BE2C4EB19800C6E524 /* View */,
			);
			path = Invitation;
			sourceTree = "<group>";
		};
		58BEC2BE2C4EB19800C6E524 /* View */ = {
			isa = PBXGroup;
			children = (
				58BEC2C72C50E40600C6E524 /* InviteFinalView.swift */,
				58BEC2BF2C4EB1B500C6E524 /* ShowInviteView.swift */,
			);
			path = View;
			sourceTree = "<group>";
		};
		58BEC2C32C4EBB5D00C6E524 /* CreateInvite */ = {
			isa = PBXGroup;
			children = (
				58EA96EF2C5380D100166554 /* ViewModel */,
				58BEC2C52C4EBB7F00C6E524 /* CreateInviteView.swift */,
				58EA96F22C57742400166554 /* StepTwoView.swift */,
				58EA96F42C57745A00166554 /* ImageGridView.swift */,
				58EA96F62C57798A00166554 /* EmojiSelectionView.swift */,
			);
			path = CreateInvite;
			sourceTree = "<group>";
		};
		58C3162A2C650451001374EC /* Splash */ = {
			isa = PBXGroup;
			children = (
				58C3162B2C650462001374EC /* SplashView.swift */,
			);
			path = Splash;
			sourceTree = "<group>";
		};
		58EA96EF2C5380D100166554 /* ViewModel */ = {
			isa = PBXGroup;
			children = (
				58EA96F02C5380E600166554 /* CreateInviteViewModel.swift */,
			);
			path = ViewModel;
			sourceTree = "<group>";
		};
		58EEF6E12C43D22500C12C1E = {
			isa = PBXGroup;
			children = (
				58EEF6EC2C43D22500C12C1E /* YouthFridge */,
				58EEF6FD2C43D22800C12C1E /* YouthFridgeTests */,
				58EEF7072C43D22800C12C1E /* YouthFridgeUITests */,
				58EEF6EB2C43D22500C12C1E /* Products */,
			);
			sourceTree = "<group>";
		};
		58EEF6EB2C43D22500C12C1E /* Products */ = {
			isa = PBXGroup;
			children = (
				58EEF6EA2C43D22500C12C1E /* YouthFridge.app */,
				58EEF6FA2C43D22800C12C1E /* YouthFridgeTests.xctest */,
				58EEF7042C43D22800C12C1E /* YouthFridgeUITests.xctest */,
			);
			name = Products;
			sourceTree = "<group>";
		};
		58EEF6EC2C43D22500C12C1E /* YouthFridge */ = {
			isa = PBXGroup;
			children = (
				5847F15B2C60DCD5001AC04E /* Services */,
				5847F15A2C60BA78001AC04E /* Networks */,
				5847F1342C5D1B39001AC04E /* YouthFridge.entitlements */,
				0A0600412C57813E0036CD8F /* Info.plist */,
				5817D6232C4655B60081323E /* App */,
				58EEF71B2C43D26800C12C1E /* Resource */,
				58EEF71A2C43D25D00C12C1E /* Extension */,
				58EEF7192C43D25400C12C1E /* General */,
				58EEF7172C43D24000C12C1E /* View */,
				0A7026FA2C5A9C700083C7A0 /* Model */,
				58EEF6F32C43D22800C12C1E /* Preview Content */,
			);
			path = YouthFridge;
			sourceTree = "<group>";
		};
		58EEF6F32C43D22800C12C1E /* Preview Content */ = {
			isa = PBXGroup;
			children = (
				58EEF6F42C43D22800C12C1E /* Preview Assets.xcassets */,
			);
			path = "Preview Content";
			sourceTree = "<group>";
		};
		58EEF6FD2C43D22800C12C1E /* YouthFridgeTests */ = {
			isa = PBXGroup;
			children = (
				58EEF6FE2C43D22800C12C1E /* YouthFridgeTests.swift */,
			);
			path = YouthFridgeTests;
			sourceTree = "<group>";
		};
		58EEF7072C43D22800C12C1E /* YouthFridgeUITests */ = {
			isa = PBXGroup;
			children = (
				58EEF7082C43D22800C12C1E /* YouthFridgeUITests.swift */,
				58EEF70A2C43D22800C12C1E /* YouthFridgeUITestsLaunchTests.swift */,
			);
			path = YouthFridgeUITests;
			sourceTree = "<group>";
		};
		58EEF7172C43D24000C12C1E /* View */ = {
			isa = PBXGroup;
			children = (
				58C3162A2C650451001374EC /* Splash */,
				58BEC2C32C4EBB5D00C6E524 /* CreateInvite */,
				58BEC2BD2C4EB18E00C6E524 /* Invitation */,
				5817D6202C46547C0081323E /* Onboarding */,
				5817D5F52C4504850081323E /* MyPage */,
				5817D5F42C4504800081323E /* News */,
				5817D5F32C4504760081323E /* SmallClass */,
				5817D5F22C45046A0081323E /* Home */,
				5817D5ED2C4502270081323E /* MainTab */,
				58EEF71C2C43D7D400C12C1E /* Login */,
			);
			path = View;
			sourceTree = "<group>";
		};
		58EEF7192C43D25400C12C1E /* General */ = {
			isa = PBXGroup;
			children = (
				5817D6062C454CAA0081323E /* DIContainer.swift */,
			);
			path = General;
			sourceTree = "<group>";
		};
		58EEF71A2C43D25D00C12C1E /* Extension */ = {
			isa = PBXGroup;
			children = (
				58EEF71F2C43ECF600C12C1E /* Color+Extension.swift */,
			);
			path = Extension;
			sourceTree = "<group>";
		};
		58EEF71B2C43D26800C12C1E /* Resource */ = {
			isa = PBXGroup;
			children = (
				58EEF71D2C43EAC000C12C1E /* Colors.xcassets */,
				58EEF6F12C43D22800C12C1E /* Assets.xcassets */,
			);
			path = Resource;
			sourceTree = "<group>";
		};
		58EEF71C2C43D7D400C12C1E /* Login */ = {
			isa = PBXGroup;
			children = (
				5817D5E92C44F18B0081323E /* LoginButtonStyle.swift */,
				5817D5EB2C44F1B10081323E /* LoginIntroView.swift */,
			);
			path = Login;
			sourceTree = "<group>";
		};
/* End PBXGroup section */

/* Begin PBXNativeTarget section */
		58EEF6E92C43D22500C12C1E /* YouthFridge */ = {
			isa = PBXNativeTarget;
			buildConfigurationList = 58EEF70E2C43D22800C12C1E /* Build configuration list for PBXNativeTarget "YouthFridge" */;
			buildPhases = (
				58EEF6E62C43D22500C12C1E /* Sources */,
				58EEF6E72C43D22500C12C1E /* Frameworks */,
				58EEF6E82C43D22500C12C1E /* Resources */,
			);
			buildRules = (
			);
			dependencies = (
			);
			name = YouthFridge;
			packageProductDependencies = (
				0A7026EC2C5A768A0083C7A0 /* Moya */,
				5847F1612C61E758001AC04E /* KakaoSDK */,
				5847F1632C61E758001AC04E /* KakaoSDKAuth */,
				5847F1652C61E758001AC04E /* KakaoSDKCert */,
				5847F1672C61E758001AC04E /* KakaoSDKCertCore */,
				5847F1692C61E758001AC04E /* KakaoSDKCommon */,
				5847F16E2C624869001AC04E /* SwiftKeychainWrapper */,
			);
			productName = YouthFridge;
			productReference = 58EEF6EA2C43D22500C12C1E /* YouthFridge.app */;
			productType = "com.apple.product-type.application";
		};
		58EEF6F92C43D22800C12C1E /* YouthFridgeTests */ = {
			isa = PBXNativeTarget;
			buildConfigurationList = 58EEF7112C43D22800C12C1E /* Build configuration list for PBXNativeTarget "YouthFridgeTests" */;
			buildPhases = (
				58EEF6F62C43D22800C12C1E /* Sources */,
				58EEF6F72C43D22800C12C1E /* Frameworks */,
				58EEF6F82C43D22800C12C1E /* Resources */,
			);
			buildRules = (
			);
			dependencies = (
				58EEF6FC2C43D22800C12C1E /* PBXTargetDependency */,
			);
			name = YouthFridgeTests;
			productName = YouthFridgeTests;
			productReference = 58EEF6FA2C43D22800C12C1E /* YouthFridgeTests.xctest */;
			productType = "com.apple.product-type.bundle.unit-test";
		};
		58EEF7032C43D22800C12C1E /* YouthFridgeUITests */ = {
			isa = PBXNativeTarget;
			buildConfigurationList = 58EEF7142C43D22800C12C1E /* Build configuration list for PBXNativeTarget "YouthFridgeUITests" */;
			buildPhases = (
				58EEF7002C43D22800C12C1E /* Sources */,
				58EEF7012C43D22800C12C1E /* Frameworks */,
				58EEF7022C43D22800C12C1E /* Resources */,
			);
			buildRules = (
			);
			dependencies = (
				58EEF7062C43D22800C12C1E /* PBXTargetDependency */,
			);
			name = YouthFridgeUITests;
			productName = YouthFridgeUITests;
			productReference = 58EEF7042C43D22800C12C1E /* YouthFridgeUITests.xctest */;
			productType = "com.apple.product-type.bundle.ui-testing";
		};
/* End PBXNativeTarget section */

/* Begin PBXProject section */
		58EEF6E22C43D22500C12C1E /* Project object */ = {
			isa = PBXProject;
			attributes = {
				BuildIndependentTargetsInParallel = 1;
				LastSwiftUpdateCheck = 1540;
				LastUpgradeCheck = 1540;
				TargetAttributes = {
					58EEF6E92C43D22500C12C1E = {
						CreatedOnToolsVersion = 15.4;
					};
					58EEF6F92C43D22800C12C1E = {
						CreatedOnToolsVersion = 15.4;
						TestTargetID = 58EEF6E92C43D22500C12C1E;
					};
					58EEF7032C43D22800C12C1E = {
						CreatedOnToolsVersion = 15.4;
						TestTargetID = 58EEF6E92C43D22500C12C1E;
					};
				};
			};
			buildConfigurationList = 58EEF6E52C43D22500C12C1E /* Build configuration list for PBXProject "YouthFridge" */;
			compatibilityVersion = "Xcode 14.0";
			developmentRegion = en;
			hasScannedForEncodings = 0;
			knownRegions = (
				en,
				Base,
			);
			mainGroup = 58EEF6E12C43D22500C12C1E;
			packageReferences = (
				0A7026EB2C5A768A0083C7A0 /* XCRemoteSwiftPackageReference "Moya" */,
				5847F1602C61E758001AC04E /* XCRemoteSwiftPackageReference "kakao-ios-sdk" */,
				5847F16D2C624869001AC04E /* XCRemoteSwiftPackageReference "SwiftKeychainWrapper" */,
			);
			productRefGroup = 58EEF6EB2C43D22500C12C1E /* Products */;
			projectDirPath = "";
			projectRoot = "";
			targets = (
				58EEF6E92C43D22500C12C1E /* YouthFridge */,
				58EEF6F92C43D22800C12C1E /* YouthFridgeTests */,
				58EEF7032C43D22800C12C1E /* YouthFridgeUITests */,
			);
		};
/* End PBXProject section */

/* Begin PBXResourcesBuildPhase section */
		58EEF6E82C43D22500C12C1E /* Resources */ = {
			isa = PBXResourcesBuildPhase;
			buildActionMask = 2147483647;
			files = (
				58EEF71E2C43EAC000C12C1E /* Colors.xcassets in Resources */,
				58EEF6F52C43D22800C12C1E /* Preview Assets.xcassets in Resources */,
				58EEF6F22C43D22800C12C1E /* Assets.xcassets in Resources */,
			);
			runOnlyForDeploymentPostprocessing = 0;
		};
		58EEF6F82C43D22800C12C1E /* Resources */ = {
			isa = PBXResourcesBuildPhase;
			buildActionMask = 2147483647;
			files = (
			);
			runOnlyForDeploymentPostprocessing = 0;
		};
		58EEF7022C43D22800C12C1E /* Resources */ = {
			isa = PBXResourcesBuildPhase;
			buildActionMask = 2147483647;
			files = (
			);
			runOnlyForDeploymentPostprocessing = 0;
		};
/* End PBXResourcesBuildPhase section */

/* Begin PBXSourcesBuildPhase section */
		58EEF6E62C43D22500C12C1E /* Sources */ = {
			isa = PBXSourcesBuildPhase;
			buildActionMask = 2147483647;
			files = (
				0A2152AD2C4EB8D3001B6875 /* ApplicationDetailView.swift in Sources */,
				5817D6012C450FA10081323E /* CardView.swift in Sources */,
				0A7026F92C5A82CE0083C7A0 /* InvitationAPI.swift in Sources */,
				0A7129D22C4E5CC800D4C08A /* PopUpView.swift in Sources */,
				0A0600452C5783130036CD8F /* NewsView.swift in Sources */,
				5817D6252C4656B50081323E /* StartView.swift in Sources */,
				58EA96EC2C5281E700166554 /* LocationManager.swift in Sources */,
				5817D63B2C4BFD700081323E /* CellViewModel.swift in Sources */,
				0A0600492C57894E0036CD8F /* CancelPopUpView.swift in Sources */,
				5817D6182C463A020081323E /* MyInvitationsViewModel.swift in Sources */,
				5817D5F72C4504970081323E /* HomeView.swift in Sources */,
				58BEC2C62C4EBB7F00C6E524 /* CreateInviteView.swift in Sources */,
				5817D63F2C4D48930081323E /* TabContent.swift in Sources */,
				5817D62D2C479C890081323E /* ProfileResearchView.swift in Sources */,
				5817D6142C462FE70081323E /* ActivityCardView.swift in Sources */,
				58EEF7202C43ECF600C12C1E /* Color+Extension.swift in Sources */,
				58EA96F52C57745A00166554 /* ImageGridView.swift in Sources */,
				5817D60E2C457CC50081323E /* MyActivityView.swift in Sources */,
				5817D6292C4657440081323E /* ResearchView.swift in Sources */,
				5817D61F2C46508E0081323E /* ActivityDetailView.swift in Sources */,
				5817D6072C454CAA0081323E /* DIContainer.swift in Sources */,
				58EA96EE2C5283D400166554 /* ProfilePictureSelector.swift in Sources */,
				58F645502C62682300DB1C37 /* HomeAPI.swift in Sources */,
				5817D5F92C4504A30081323E /* SmallClassView.swift in Sources */,
				0A971D072C4C4153009F3B13 /* ShadowNavigationBar.swift in Sources */,
				5817D6272C4657030081323E /* OnboardingStartView.swift in Sources */,
				0A0600472C5784790036CD8F /* BlogWebView.swift in Sources */,
				58036A9C2C63C1FF0022BC8F /* DynamicTextCardView.swift in Sources */,
				5817D5FD2C4504B50081323E /* MyPageView.swift in Sources */,
				5847F15F2C60E5BB001AC04E /* MapDetailView.swift in Sources */,
				58EA96F72C57798A00166554 /* EmojiSelectionView.swift in Sources */,
				5817D6032C450FB60081323E /* Card.swift in Sources */,
				5817D6122C462FD20081323E /* MyInvitationsView.swift in Sources */,
				5817D6352C4A79250081323E /* CardViewModel.swift in Sources */,
				0A12E2202C4EB2AB00D2D7B9 /* MyApplicationViewModel.swift in Sources */,
				5817D5F12C4503360081323E /* MainTabView.swift in Sources */,
				5817D5FF2C4509CF0081323E /* HomeViewModel.swift in Sources */,
				58C316312C67737B001374EC /* PublicMeetingResponse.swift in Sources */,
				58BEC2C02C4EB1B500C6E524 /* ShowInviteView.swift in Sources */,
				58BEC2C82C50E40600C6E524 /* InviteFinalView.swift in Sources */,
				5817D5EC2C44F1B10081323E /* LoginIntroView.swift in Sources */,
				58EA96F32C57742400166554 /* StepTwoView.swift in Sources */,
				5817D63D2C4BFD980081323E /* CellView.swift in Sources */,
				58EEF6EE2C43D22500C12C1E /* YouthFridgeApp.swift in Sources */,
				0A7026F72C5A82A00083C7A0 /* InvitationService.swift in Sources */,
				0A7026FF2C5A9CD30083C7A0 /* MyInvitationResponse.swift in Sources */,
				58F6454E2C6266DC00DB1C37 /* InvitationTopFiveResponse.swift in Sources */,
				5817D5EA2C44F18B0081323E /* LoginButtonStyle.swift in Sources */,
				5817D62F2C47AAEB0081323E /* CustomProgressViewStyle.swift in Sources */,
				5817D5EF2C4502360081323E /* MainTabType.swift in Sources */,
				0A7026FD2C5A9C850083C7A0 /* BaseResponse.swift in Sources */,
				0A7027012C5A9E6F0083C7A0 /* InvitationResponse.swift in Sources */,
				5847F15D2C60DCE6001AC04E /* Servics.swift in Sources */,
				5847F0B92C5BCDF7001AC04E /* OnboardingService.swift in Sources */,
				58C3162C2C650462001374EC /* SplashView.swift in Sources */,
				5817D6392C4BFD580081323E /* CellModel.swift in Sources */,
				5847F0C22C5BDBFE001AC04E /* OnboardingAPI.swift in Sources */,
				5817D6162C4639000081323E /* ActivityCardViewModel.swift in Sources */,
				5847F1722C624922001AC04E /* KeychainHandler.swift in Sources */,
				0A7026F52C5A81FA0083C7A0 /* GeneralAPI.swift in Sources */,
				5817D6052C454C640081323E /* MyPageViewModel.swift in Sources */,
				58EA96F12C5380E600166554 /* CreateInviteViewModel.swift in Sources */,
				58C3162F2C651310001374EC /* LogOutPopUpView.swift in Sources */,
				5847F1362C5E589B001AC04E /* ProfileResearchViewModel.swift in Sources */,
				5817D60B2C4552360081323E /* User.swift in Sources */,
				5817D62B2C465B5B0081323E /* ResearchViewModel.swift in Sources */,
				0A12E2242C4EB46200D2D7B9 /* ApplicationHistoryView.swift in Sources */,
				58036A9E2C63D52E0022BC8F /* SmallestCardView.swift in Sources */,
				5847F0BF2C5BCEC7001AC04E /* OnboardingRequest.swift in Sources */,
				5847F16C2C6245C8001AC04E /* LoginRequest.swift in Sources */,
			);
			runOnlyForDeploymentPostprocessing = 0;
		};
		58EEF6F62C43D22800C12C1E /* Sources */ = {
			isa = PBXSourcesBuildPhase;
			buildActionMask = 2147483647;
			files = (
				58EEF6FF2C43D22800C12C1E /* YouthFridgeTests.swift in Sources */,
			);
			runOnlyForDeploymentPostprocessing = 0;
		};
		58EEF7002C43D22800C12C1E /* Sources */ = {
			isa = PBXSourcesBuildPhase;
			buildActionMask = 2147483647;
			files = (
				58EEF7092C43D22800C12C1E /* YouthFridgeUITests.swift in Sources */,
				58EEF70B2C43D22800C12C1E /* YouthFridgeUITestsLaunchTests.swift in Sources */,
			);
			runOnlyForDeploymentPostprocessing = 0;
		};
/* End PBXSourcesBuildPhase section */

/* Begin PBXTargetDependency section */
		58EEF6FC2C43D22800C12C1E /* PBXTargetDependency */ = {
			isa = PBXTargetDependency;
			target = 58EEF6E92C43D22500C12C1E /* YouthFridge */;
			targetProxy = 58EEF6FB2C43D22800C12C1E /* PBXContainerItemProxy */;
		};
		58EEF7062C43D22800C12C1E /* PBXTargetDependency */ = {
			isa = PBXTargetDependency;
			target = 58EEF6E92C43D22500C12C1E /* YouthFridge */;
			targetProxy = 58EEF7052C43D22800C12C1E /* PBXContainerItemProxy */;
		};
/* End PBXTargetDependency section */

/* Begin XCBuildConfiguration section */
		58EEF70C2C43D22800C12C1E /* Debug */ = {
			isa = XCBuildConfiguration;
			buildSettings = {
				ALWAYS_SEARCH_USER_PATHS = NO;
				ASSETCATALOG_COMPILER_GENERATE_SWIFT_ASSET_SYMBOL_EXTENSIONS = YES;
				CLANG_ANALYZER_NONNULL = YES;
				CLANG_ANALYZER_NUMBER_OBJECT_CONVERSION = YES_AGGRESSIVE;
				CLANG_CXX_LANGUAGE_STANDARD = "gnu++20";
				CLANG_ENABLE_MODULES = YES;
				CLANG_ENABLE_OBJC_ARC = YES;
				CLANG_ENABLE_OBJC_WEAK = YES;
				CLANG_WARN_BLOCK_CAPTURE_AUTORELEASING = YES;
				CLANG_WARN_BOOL_CONVERSION = YES;
				CLANG_WARN_COMMA = YES;
				CLANG_WARN_CONSTANT_CONVERSION = YES;
				CLANG_WARN_DEPRECATED_OBJC_IMPLEMENTATIONS = YES;
				CLANG_WARN_DIRECT_OBJC_ISA_USAGE = YES_ERROR;
				CLANG_WARN_DOCUMENTATION_COMMENTS = YES;
				CLANG_WARN_EMPTY_BODY = YES;
				CLANG_WARN_ENUM_CONVERSION = YES;
				CLANG_WARN_INFINITE_RECURSION = YES;
				CLANG_WARN_INT_CONVERSION = YES;
				CLANG_WARN_NON_LITERAL_NULL_CONVERSION = YES;
				CLANG_WARN_OBJC_IMPLICIT_RETAIN_SELF = YES;
				CLANG_WARN_OBJC_LITERAL_CONVERSION = YES;
				CLANG_WARN_OBJC_ROOT_CLASS = YES_ERROR;
				CLANG_WARN_QUOTED_INCLUDE_IN_FRAMEWORK_HEADER = YES;
				CLANG_WARN_RANGE_LOOP_ANALYSIS = YES;
				CLANG_WARN_STRICT_PROTOTYPES = YES;
				CLANG_WARN_SUSPICIOUS_MOVE = YES;
				CLANG_WARN_UNGUARDED_AVAILABILITY = YES_AGGRESSIVE;
				CLANG_WARN_UNREACHABLE_CODE = YES;
				CLANG_WARN__DUPLICATE_METHOD_MATCH = YES;
				COPY_PHASE_STRIP = NO;
				DEBUG_INFORMATION_FORMAT = dwarf;
				ENABLE_STRICT_OBJC_MSGSEND = YES;
				ENABLE_TESTABILITY = YES;
				ENABLE_USER_SCRIPT_SANDBOXING = YES;
				GCC_C_LANGUAGE_STANDARD = gnu17;
				GCC_DYNAMIC_NO_PIC = NO;
				GCC_NO_COMMON_BLOCKS = YES;
				GCC_OPTIMIZATION_LEVEL = 0;
				GCC_PREPROCESSOR_DEFINITIONS = (
					"DEBUG=1",
					"$(inherited)",
				);
				GCC_WARN_64_TO_32_BIT_CONVERSION = YES;
				GCC_WARN_ABOUT_RETURN_TYPE = YES_ERROR;
				GCC_WARN_UNDECLARED_SELECTOR = YES;
				GCC_WARN_UNINITIALIZED_AUTOS = YES_AGGRESSIVE;
				GCC_WARN_UNUSED_FUNCTION = YES;
				GCC_WARN_UNUSED_VARIABLE = YES;
				IPHONEOS_DEPLOYMENT_TARGET = 17.3;
				LOCALIZATION_PREFERS_STRING_CATALOGS = YES;
				MTL_ENABLE_DEBUG_INFO = INCLUDE_SOURCE;
				MTL_FAST_MATH = YES;
				ONLY_ACTIVE_ARCH = YES;
				SDKROOT = iphoneos;
				SWIFT_ACTIVE_COMPILATION_CONDITIONS = "DEBUG $(inherited)";
				SWIFT_OPTIMIZATION_LEVEL = "-Onone";
			};
			name = Debug;
		};
		58EEF70D2C43D22800C12C1E /* Release */ = {
			isa = XCBuildConfiguration;
			buildSettings = {
				ALWAYS_SEARCH_USER_PATHS = NO;
				ASSETCATALOG_COMPILER_GENERATE_SWIFT_ASSET_SYMBOL_EXTENSIONS = YES;
				CLANG_ANALYZER_NONNULL = YES;
				CLANG_ANALYZER_NUMBER_OBJECT_CONVERSION = YES_AGGRESSIVE;
				CLANG_CXX_LANGUAGE_STANDARD = "gnu++20";
				CLANG_ENABLE_MODULES = YES;
				CLANG_ENABLE_OBJC_ARC = YES;
				CLANG_ENABLE_OBJC_WEAK = YES;
				CLANG_WARN_BLOCK_CAPTURE_AUTORELEASING = YES;
				CLANG_WARN_BOOL_CONVERSION = YES;
				CLANG_WARN_COMMA = YES;
				CLANG_WARN_CONSTANT_CONVERSION = YES;
				CLANG_WARN_DEPRECATED_OBJC_IMPLEMENTATIONS = YES;
				CLANG_WARN_DIRECT_OBJC_ISA_USAGE = YES_ERROR;
				CLANG_WARN_DOCUMENTATION_COMMENTS = YES;
				CLANG_WARN_EMPTY_BODY = YES;
				CLANG_WARN_ENUM_CONVERSION = YES;
				CLANG_WARN_INFINITE_RECURSION = YES;
				CLANG_WARN_INT_CONVERSION = YES;
				CLANG_WARN_NON_LITERAL_NULL_CONVERSION = YES;
				CLANG_WARN_OBJC_IMPLICIT_RETAIN_SELF = YES;
				CLANG_WARN_OBJC_LITERAL_CONVERSION = YES;
				CLANG_WARN_OBJC_ROOT_CLASS = YES_ERROR;
				CLANG_WARN_QUOTED_INCLUDE_IN_FRAMEWORK_HEADER = YES;
				CLANG_WARN_RANGE_LOOP_ANALYSIS = YES;
				CLANG_WARN_STRICT_PROTOTYPES = YES;
				CLANG_WARN_SUSPICIOUS_MOVE = YES;
				CLANG_WARN_UNGUARDED_AVAILABILITY = YES_AGGRESSIVE;
				CLANG_WARN_UNREACHABLE_CODE = YES;
				CLANG_WARN__DUPLICATE_METHOD_MATCH = YES;
				COPY_PHASE_STRIP = NO;
				DEBUG_INFORMATION_FORMAT = "dwarf-with-dsym";
				ENABLE_NS_ASSERTIONS = NO;
				ENABLE_STRICT_OBJC_MSGSEND = YES;
				ENABLE_USER_SCRIPT_SANDBOXING = YES;
				GCC_C_LANGUAGE_STANDARD = gnu17;
				GCC_NO_COMMON_BLOCKS = YES;
				GCC_WARN_64_TO_32_BIT_CONVERSION = YES;
				GCC_WARN_ABOUT_RETURN_TYPE = YES_ERROR;
				GCC_WARN_UNDECLARED_SELECTOR = YES;
				GCC_WARN_UNINITIALIZED_AUTOS = YES_AGGRESSIVE;
				GCC_WARN_UNUSED_FUNCTION = YES;
				GCC_WARN_UNUSED_VARIABLE = YES;
				IPHONEOS_DEPLOYMENT_TARGET = 17.3;
				LOCALIZATION_PREFERS_STRING_CATALOGS = YES;
				MTL_ENABLE_DEBUG_INFO = NO;
				MTL_FAST_MATH = YES;
				SDKROOT = iphoneos;
				SWIFT_COMPILATION_MODE = wholemodule;
				VALIDATE_PRODUCT = YES;
			};
			name = Release;
		};
		58EEF70F2C43D22800C12C1E /* Debug */ = {
			isa = XCBuildConfiguration;
			buildSettings = {
				ASSETCATALOG_COMPILER_APPICON_NAME = AppIcon;
				ASSETCATALOG_COMPILER_GLOBAL_ACCENT_COLOR_NAME = AccentColor;
				CODE_SIGN_ENTITLEMENTS = YouthFridge/YouthFridge.entitlements;
				"CODE_SIGN_IDENTITY[sdk=iphoneos*]" = "iPhone Developer";
				CODE_SIGN_STYLE = Manual;
				CURRENT_PROJECT_VERSION = 1;
				DEVELOPMENT_ASSET_PATHS = "\"YouthFridge/Preview Content\"";
				DEVELOPMENT_TEAM = "";
				"DEVELOPMENT_TEAM[sdk=iphoneos*]" = J585QL2L97;
				ENABLE_PREVIEWS = YES;
				GENERATE_INFOPLIST_FILE = YES;
				INFOPLIST_FILE = YouthFridge/Info.plist;
				INFOPLIST_KEY_NSLocationWhenInUseUsageDescription = "사용자 현재위치를 추가할려고 합니다.";
				INFOPLIST_KEY_UIApplicationSceneManifest_Generation = YES;
				INFOPLIST_KEY_UIApplicationSupportsIndirectInputEvents = YES;
				INFOPLIST_KEY_UILaunchScreen_Generation = NO;
				INFOPLIST_KEY_UILaunchStoryboardName = "Launch Screen.storyboard";
				INFOPLIST_KEY_UISupportedInterfaceOrientations_iPad = "UIInterfaceOrientationPortrait UIInterfaceOrientationPortraitUpsideDown UIInterfaceOrientationLandscapeLeft UIInterfaceOrientationLandscapeRight";
				INFOPLIST_KEY_UISupportedInterfaceOrientations_iPhone = "UIInterfaceOrientationPortrait UIInterfaceOrientationLandscapeLeft UIInterfaceOrientationLandscapeRight";
				IPHONEOS_DEPLOYMENT_TARGET = 17.5;
				LD_RUNPATH_SEARCH_PATHS = (
					"$(inherited)",
					"@executable_path/Frameworks",
				);
				MARKETING_VERSION = 1.0;
				PRODUCT_BUNDLE_IDENTIFIER = min.youthFridge;
				PRODUCT_NAME = "$(TARGET_NAME)";
				PROVISIONING_PROFILE_SPECIFIER = "";
				"PROVISIONING_PROFILE_SPECIFIER[sdk=iphoneos*]" = minYouthFridge;
				SWIFT_EMIT_LOC_STRINGS = YES;
				SWIFT_VERSION = 5.0;
				TARGETED_DEVICE_FAMILY = "1,2";
			};
			name = Debug;
		};
		58EEF7102C43D22800C12C1E /* Release */ = {
			isa = XCBuildConfiguration;
			buildSettings = {
				ASSETCATALOG_COMPILER_APPICON_NAME = AppIcon;
				ASSETCATALOG_COMPILER_GLOBAL_ACCENT_COLOR_NAME = AccentColor;
				CODE_SIGN_ENTITLEMENTS = YouthFridge/YouthFridge.entitlements;
				"CODE_SIGN_IDENTITY[sdk=iphoneos*]" = "iPhone Developer";
				CODE_SIGN_STYLE = Manual;
				CURRENT_PROJECT_VERSION = 1;
				DEVELOPMENT_ASSET_PATHS = "\"YouthFridge/Preview Content\"";
				DEVELOPMENT_TEAM = "";
				"DEVELOPMENT_TEAM[sdk=iphoneos*]" = J585QL2L97;
				ENABLE_PREVIEWS = YES;
				GENERATE_INFOPLIST_FILE = YES;
				INFOPLIST_FILE = YouthFridge/Info.plist;
				INFOPLIST_KEY_NSLocationWhenInUseUsageDescription = "사용자 현재위치를 추가할려고 합니다.";
				INFOPLIST_KEY_UIApplicationSceneManifest_Generation = YES;
				INFOPLIST_KEY_UIApplicationSupportsIndirectInputEvents = YES;
				INFOPLIST_KEY_UILaunchScreen_Generation = NO;
				INFOPLIST_KEY_UILaunchStoryboardName = "Launch Screen.storyboard";
				INFOPLIST_KEY_UISupportedInterfaceOrientations_iPad = "UIInterfaceOrientationPortrait UIInterfaceOrientationPortraitUpsideDown UIInterfaceOrientationLandscapeLeft UIInterfaceOrientationLandscapeRight";
				INFOPLIST_KEY_UISupportedInterfaceOrientations_iPhone = "UIInterfaceOrientationPortrait UIInterfaceOrientationLandscapeLeft UIInterfaceOrientationLandscapeRight";
				IPHONEOS_DEPLOYMENT_TARGET = 17.5;
				LD_RUNPATH_SEARCH_PATHS = (
					"$(inherited)",
					"@executable_path/Frameworks",
				);
				MARKETING_VERSION = 1.0;
				PRODUCT_BUNDLE_IDENTIFIER = min.youthFridge;
				PRODUCT_NAME = "$(TARGET_NAME)";
				PROVISIONING_PROFILE_SPECIFIER = "";
				"PROVISIONING_PROFILE_SPECIFIER[sdk=iphoneos*]" = minYouthFridge;
				SWIFT_EMIT_LOC_STRINGS = YES;
				SWIFT_VERSION = 5.0;
				TARGETED_DEVICE_FAMILY = "1,2";
			};
			name = Release;
		};
		58EEF7122C43D22800C12C1E /* Debug */ = {
			isa = XCBuildConfiguration;
			buildSettings = {
				ALWAYS_EMBED_SWIFT_STANDARD_LIBRARIES = YES;
				BUNDLE_LOADER = "$(TEST_HOST)";
				CODE_SIGN_STYLE = Automatic;
				CURRENT_PROJECT_VERSION = 1;
				DEVELOPMENT_TEAM = G62DUX396A;
				GENERATE_INFOPLIST_FILE = YES;
				IPHONEOS_DEPLOYMENT_TARGET = 17.5;
				MARKETING_VERSION = 1.0;
				PRODUCT_BUNDLE_IDENTIFIER = com.YouthFridgeTests;
				PRODUCT_NAME = "$(TARGET_NAME)";
				SWIFT_EMIT_LOC_STRINGS = NO;
				SWIFT_VERSION = 5.0;
				TARGETED_DEVICE_FAMILY = "1,2";
				TEST_HOST = "$(BUILT_PRODUCTS_DIR)/YouthFridge.app/$(BUNDLE_EXECUTABLE_FOLDER_PATH)/YouthFridge";
			};
			name = Debug;
		};
		58EEF7132C43D22800C12C1E /* Release */ = {
			isa = XCBuildConfiguration;
			buildSettings = {
				ALWAYS_EMBED_SWIFT_STANDARD_LIBRARIES = YES;
				BUNDLE_LOADER = "$(TEST_HOST)";
				CODE_SIGN_STYLE = Automatic;
				CURRENT_PROJECT_VERSION = 1;
				DEVELOPMENT_TEAM = G62DUX396A;
				GENERATE_INFOPLIST_FILE = YES;
				IPHONEOS_DEPLOYMENT_TARGET = 17.5;
				MARKETING_VERSION = 1.0;
				PRODUCT_BUNDLE_IDENTIFIER = com.YouthFridgeTests;
				PRODUCT_NAME = "$(TARGET_NAME)";
				SWIFT_EMIT_LOC_STRINGS = NO;
				SWIFT_VERSION = 5.0;
				TARGETED_DEVICE_FAMILY = "1,2";
				TEST_HOST = "$(BUILT_PRODUCTS_DIR)/YouthFridge.app/$(BUNDLE_EXECUTABLE_FOLDER_PATH)/YouthFridge";
			};
			name = Release;
		};
		58EEF7152C43D22800C12C1E /* Debug */ = {
			isa = XCBuildConfiguration;
			buildSettings = {
				ALWAYS_EMBED_SWIFT_STANDARD_LIBRARIES = YES;
				CODE_SIGN_STYLE = Automatic;
				CURRENT_PROJECT_VERSION = 1;
				DEVELOPMENT_TEAM = G62DUX396A;
				GENERATE_INFOPLIST_FILE = YES;
				MARKETING_VERSION = 1.0;
				PRODUCT_BUNDLE_IDENTIFIER = com.YouthFridgeUITests;
				PRODUCT_NAME = "$(TARGET_NAME)";
				SWIFT_EMIT_LOC_STRINGS = NO;
				SWIFT_VERSION = 5.0;
				TARGETED_DEVICE_FAMILY = "1,2";
				TEST_TARGET_NAME = YouthFridge;
			};
			name = Debug;
		};
		58EEF7162C43D22800C12C1E /* Release */ = {
			isa = XCBuildConfiguration;
			buildSettings = {
				ALWAYS_EMBED_SWIFT_STANDARD_LIBRARIES = YES;
				CODE_SIGN_STYLE = Automatic;
				CURRENT_PROJECT_VERSION = 1;
				DEVELOPMENT_TEAM = G62DUX396A;
				GENERATE_INFOPLIST_FILE = YES;
				MARKETING_VERSION = 1.0;
				PRODUCT_BUNDLE_IDENTIFIER = com.YouthFridgeUITests;
				PRODUCT_NAME = "$(TARGET_NAME)";
				SWIFT_EMIT_LOC_STRINGS = NO;
				SWIFT_VERSION = 5.0;
				TARGETED_DEVICE_FAMILY = "1,2";
				TEST_TARGET_NAME = YouthFridge;
			};
			name = Release;
		};
/* End XCBuildConfiguration section */

/* Begin XCConfigurationList section */
		58EEF6E52C43D22500C12C1E /* Build configuration list for PBXProject "YouthFridge" */ = {
			isa = XCConfigurationList;
			buildConfigurations = (
				58EEF70C2C43D22800C12C1E /* Debug */,
				58EEF70D2C43D22800C12C1E /* Release */,
			);
			defaultConfigurationIsVisible = 0;
			defaultConfigurationName = Debug;
		};
		58EEF70E2C43D22800C12C1E /* Build configuration list for PBXNativeTarget "YouthFridge" */ = {
			isa = XCConfigurationList;
			buildConfigurations = (
				58EEF70F2C43D22800C12C1E /* Debug */,
				58EEF7102C43D22800C12C1E /* Release */,
			);
			defaultConfigurationIsVisible = 0;
			defaultConfigurationName = Debug;
		};
		58EEF7112C43D22800C12C1E /* Build configuration list for PBXNativeTarget "YouthFridgeTests" */ = {
			isa = XCConfigurationList;
			buildConfigurations = (
				58EEF7122C43D22800C12C1E /* Debug */,
				58EEF7132C43D22800C12C1E /* Release */,
			);
			defaultConfigurationIsVisible = 0;
			defaultConfigurationName = Debug;
		};
		58EEF7142C43D22800C12C1E /* Build configuration list for PBXNativeTarget "YouthFridgeUITests" */ = {
			isa = XCConfigurationList;
			buildConfigurations = (
				58EEF7152C43D22800C12C1E /* Debug */,
				58EEF7162C43D22800C12C1E /* Release */,
			);
			defaultConfigurationIsVisible = 0;
			defaultConfigurationName = Debug;
		};
/* End XCConfigurationList section */

/* Begin XCRemoteSwiftPackageReference section */
		0A7026EB2C5A768A0083C7A0 /* XCRemoteSwiftPackageReference "Moya" */ = {
			isa = XCRemoteSwiftPackageReference;
			repositoryURL = "https://github.com/Moya/Moya";
			requirement = {
				kind = upToNextMajorVersion;
				minimumVersion = 15.0.3;
			};
		};
		5847F1602C61E758001AC04E /* XCRemoteSwiftPackageReference "kakao-ios-sdk" */ = {
			isa = XCRemoteSwiftPackageReference;
			repositoryURL = "https://github.com/kakao/kakao-ios-sdk";
			requirement = {
				kind = upToNextMajorVersion;
				minimumVersion = 2.22.5;
			};
		};
		5847F16D2C624869001AC04E /* XCRemoteSwiftPackageReference "SwiftKeychainWrapper" */ = {
			isa = XCRemoteSwiftPackageReference;
			repositoryURL = "https://github.com/jrendel/SwiftKeychainWrapper";
			requirement = {
				kind = upToNextMajorVersion;
				minimumVersion = 4.0.1;
			};
		};
/* End XCRemoteSwiftPackageReference section */

/* Begin XCSwiftPackageProductDependency section */
		0A7026EC2C5A768A0083C7A0 /* Moya */ = {
			isa = XCSwiftPackageProductDependency;
			package = 0A7026EB2C5A768A0083C7A0 /* XCRemoteSwiftPackageReference "Moya" */;
			productName = Moya;
		};
		5847F1612C61E758001AC04E /* KakaoSDK */ = {
			isa = XCSwiftPackageProductDependency;
			package = 5847F1602C61E758001AC04E /* XCRemoteSwiftPackageReference "kakao-ios-sdk" */;
			productName = KakaoSDK;
		};
		5847F1632C61E758001AC04E /* KakaoSDKAuth */ = {
			isa = XCSwiftPackageProductDependency;
			package = 5847F1602C61E758001AC04E /* XCRemoteSwiftPackageReference "kakao-ios-sdk" */;
			productName = KakaoSDKAuth;
		};
		5847F1652C61E758001AC04E /* KakaoSDKCert */ = {
			isa = XCSwiftPackageProductDependency;
			package = 5847F1602C61E758001AC04E /* XCRemoteSwiftPackageReference "kakao-ios-sdk" */;
			productName = KakaoSDKCert;
		};
		5847F1672C61E758001AC04E /* KakaoSDKCertCore */ = {
			isa = XCSwiftPackageProductDependency;
			package = 5847F1602C61E758001AC04E /* XCRemoteSwiftPackageReference "kakao-ios-sdk" */;
			productName = KakaoSDKCertCore;
		};
		5847F1692C61E758001AC04E /* KakaoSDKCommon */ = {
			isa = XCSwiftPackageProductDependency;
			package = 5847F1602C61E758001AC04E /* XCRemoteSwiftPackageReference "kakao-ios-sdk" */;
			productName = KakaoSDKCommon;
		};
		5847F16E2C624869001AC04E /* SwiftKeychainWrapper */ = {
			isa = XCSwiftPackageProductDependency;
			package = 5847F16D2C624869001AC04E /* XCRemoteSwiftPackageReference "SwiftKeychainWrapper" */;
			productName = SwiftKeychainWrapper;
		};
/* End XCSwiftPackageProductDependency section */
	};
	rootObject = 58EEF6E22C43D22500C12C1E /* Project object */;
}
